
Microsoft Visual Studio Solution File, Format Version 12.00
# Visual Studio Version 17
VisualStudioVersion = 17.13.35828.75 d17.13
MinimumVisualStudioVersion = 10.0.40219.1
Project("{FAE04EC0-301F-11D3-BF4B-00C04F79EFBC}") = "webapp1", "webapp1.csproj", "{99D97F92-1AAA-4A83-9C5C-37F9B8F9BBEA}"
EndProject
Global
	GlobalSection(SolutionConfigurationPlatforms) = preSolution
		Debug|Any CPU = Debug|Any CPU
		Release|Any CPU = Release|Any CPU
	EndGlobalSection
	GlobalSection(ProjectConfigurationPlatforms) = postSolution
		{99D97F92-1AAA-4A83-9C5C-37F9B8F9BBEA}.Debug|Any CPU.ActiveCfg = Debug|Any CPU
		{99D97F92-1AAA-4A83-9C5C-37F9B8F9BBEA}.Debug|Any CPU.Build.0 = Debug|Any CPU
		{99D97F92-1AAA-4A83-9C5C-37F9B8F9BBEA}.Release|Any CPU.ActiveCfg = Release|Any CPU
		{99D97F92-1AAA-4A83-9C5C-37F9B8F9BBEA}.Release|Any CPU.Build.0 = Release|Any CPU
	EndGlobalSection
	GlobalSection(SolutionProperties) = preSolution
		HideSolutionNode = FALSE
	EndGlobalSection
	GlobalSection(ExtensibilityGlobals) = postSolution
		SolutionGuid = {4681483D-C9D6-400C-8538-8A46D14D0346}
	EndGlobalSection
EndGlobal
